// !$*UTF8*$!
{
	archiveVersion = 1;
	classes = {
	};
	objectVersion = 50;
	objects = {

/* Begin PBXBuildFile section */
		550B7057224C343D008DA6CB /* TablaVC.swift in Sources */ = {isa = PBXBuildFile; fileRef = 550B7056224C343D008DA6CB /* TablaVC.swift */; };
		55723886224B5BD300FCCEC6 /* AppDelegate.swift in Sources */ = {isa = PBXBuildFile; fileRef = 55723885224B5BD300FCCEC6 /* AppDelegate.swift */; };
		55723888224B5BD300FCCEC6 /* ViewController.swift in Sources */ = {isa = PBXBuildFile; fileRef = 55723887224B5BD300FCCEC6 /* ViewController.swift */; };
		5572388B224B5BD300FCCEC6 /* Main.storyboard in Resources */ = {isa = PBXBuildFile; fileRef = 55723889224B5BD300FCCEC6 /* Main.storyboard */; };
		5572388D224B5BE000FCCEC6 /* Assets.xcassets in Resources */ = {isa = PBXBuildFile; fileRef = 5572388C224B5BE000FCCEC6 /* Assets.xcassets */; };
		55723890224B5BE000FCCEC6 /* LaunchScreen.storyboard in Resources */ = {isa = PBXBuildFile; fileRef = 5572388E224B5BE000FCCEC6 /* LaunchScreen.storyboard */; };
		5572389B224B5BE100FCCEC6 /* Actividad10Tests.swift in Sources */ = {isa = PBXBuildFile; fileRef = 5572389A224B5BE100FCCEC6 /* Actividad10Tests.swift */; };
		557238A6224B5BE100FCCEC6 /* Actividad10UITests.swift in Sources */ = {isa = PBXBuildFile; fileRef = 557238A5224B5BE100FCCEC6 /* Actividad10UITests.swift */; };
/* End PBXBuildFile section */

/* Begin PBXContainerItemProxy section */
		55723897224B5BE100FCCEC6 /* PBXContainerItemProxy */ = {
			isa = PBXContainerItemProxy;
			containerPortal = 5572387A224B5BD300FCCEC6 /* Project object */;
			proxyType = 1;
			remoteGlobalIDString = 55723881224B5BD300FCCEC6;
			remoteInfo = Actividad10;
		};
		557238A2224B5BE100FCCEC6 /* PBXContainerItemProxy */ = {
			isa = PBXContainerItemProxy;
			containerPortal = 5572387A224B5BD300FCCEC6 /* Project object */;
			proxyType = 1;
			remoteGlobalIDString = 55723881224B5BD300FCCEC6;
			remoteInfo = Actividad10;
		};
/* End PBXContainerItemProxy section */

/* Begin PBXFileReference section */
		550B7056224C343D008DA6CB /* TablaVC.swift */ = {isa = PBXFileReference; lastKnownFileType = sourcecode.swift; path = TablaVC.swift; sourceTree = "<group>"; };
		55723882224B5BD300FCCEC6 /* Actividad10.app */ = {isa = PBXFileReference; explicitFileType = wrapper.application; includeInIndex = 0; path = Actividad10.app; sourceTree = BUILT_PRODUCTS_DIR; };
		55723885224B5BD300FCCEC6 /* AppDelegate.swift */ = {isa = PBXFileReference; lastKnownFileType = sourcecode.swift; path = AppDelegate.swift; sourceTree = "<group>"; };
		55723887224B5BD300FCCEC6 /* ViewController.swift */ = {isa = PBXFileReference; lastKnownFileType = sourcecode.swift; path = ViewController.swift; sourceTree = "<group>"; };
		5572388A224B5BD300FCCEC6 /* Base */ = {isa = PBXFileReference; lastKnownFileType = file.storyboard; name = Base; path = Base.lproj/Main.storyboard; sourceTree = "<group>"; };
		5572388C224B5BE000FCCEC6 /* Assets.xcassets */ = {isa = PBXFileReference; lastKnownFileType = folder.assetcatalog; path = Assets.xcassets; sourceTree = "<group>"; };
		5572388F224B5BE000FCCEC6 /* Base */ = {isa = PBXFileReference; lastKnownFileType = file.storyboard; name = Base; path = Base.lproj/LaunchScreen.storyboard; sourceTree = "<group>"; };
		55723891224B5BE000FCCEC6 /* Info.plist */ = {isa = PBXFileReference; lastKnownFileType = text.plist.xml; path = Info.plist; sourceTree = "<group>"; };
		55723896224B5BE100FCCEC6 /* Actividad10Tests.xctest */ = {isa = PBXFileReference; explicitFileType = wrapper.cfbundle; includeInIndex = 0; path = Actividad10Tests.xctest; sourceTree = BUILT_PRODUCTS_DIR; };
		5572389A224B5BE100FCCEC6 /* Actividad10Tests.swift */ = {isa = PBXFileReference; lastKnownFileType = sourcecode.swift; path = Actividad10Tests.swift; sourceTree = "<group>"; };
		5572389C224B5BE100FCCEC6 /* Info.plist */ = {isa = PBXFileReference; lastKnownFileType = text.plist.xml; path = Info.plist; sourceTree = "<group>"; };
		557238A1224B5BE100FCCEC6 /* Actividad10UITests.xctest */ = {isa = PBXFileReference; explicitFileType = wrapper.cfbundle; includeInIndex = 0; path = Actividad10UITests.xctest; sourceTree = BUILT_PRODUCTS_DIR; };
		557238A5224B5BE100FCCEC6 /* Actividad10UITests.swift */ = {isa = PBXFileReference; lastKnownFileType = sourcecode.swift; path = Actividad10UITests.swift; sourceTree = "<group>"; };
		557238A7224B5BE100FCCEC6 /* Info.plist */ = {isa = PBXFileReference; lastKnownFileType = text.plist.xml; path = Info.plist; sourceTree = "<group>"; };
/* End PBXFileReference section */

/* Begin PBXFrameworksBuildPhase section */
		5572387F224B5BD300FCCEC6 /* Frameworks */ = {
			isa = PBXFrameworksBuildPhase;
			buildActionMask = 2147483647;
			files = (
			);
			runOnlyForDeploymentPostprocessing = 0;
		};
		55723893224B5BE100FCCEC6 /* Frameworks */ = {
			isa = PBXFrameworksBuildPhase;
			buildActionMask = 2147483647;
			files = (
			);
			runOnlyForDeploymentPostprocessing = 0;
		};
		5572389E224B5BE100FCCEC6 /* Frameworks */ = {
			isa = PBXFrameworksBuildPhase;
			buildActionMask = 2147483647;
			files = (
			);
			runOnlyForDeploymentPostprocessing = 0;
		};
/* End PBXFrameworksBuildPhase section */

/* Begin PBXGroup section */
		55723879224B5BD300FCCEC6 = {
			isa = PBXGroup;
			children = (
				55723884224B5BD300FCCEC6 /* Actividad10 */,
				55723899224B5BE100FCCEC6 /* Actividad10Tests */,
				557238A4224B5BE100FCCEC6 /* Actividad10UITests */,
				55723883224B5BD300FCCEC6 /* Products */,
			);
			sourceTree = "<group>";
		};
		55723883224B5BD300FCCEC6 /* Products */ = {
			isa = PBXGroup;
			children = (
				55723882224B5BD300FCCEC6 /* Actividad10.app */,
				55723896224B5BE100FCCEC6 /* Actividad10Tests.xctest */,
				557238A1224B5BE100FCCEC6 /* Actividad10UITests.xctest */,
			);
			name = Products;
			sourceTree = "<group>";
		};
		55723884224B5BD300FCCEC6 /* Actividad10 */ = {
			isa = PBXGroup;
			children = (
				55723885224B5BD300FCCEC6 /* AppDelegate.swift */,
				55723887224B5BD300FCCEC6 /* ViewController.swift */,
				55723889224B5BD300FCCEC6 /* Main.storyboard */,
				5572388C224B5BE000FCCEC6 /* Assets.xcassets */,
				5572388E224B5BE000FCCEC6 /* LaunchScreen.storyboard */,
				55723891224B5BE000FCCEC6 /* Info.plist */,
				550B7056224C343D008DA6CB /* TablaVC.swift */,
			);
			path = Actividad10;
			sourceTree = "<group>";
		};
		55723899224B5BE100FCCEC6 /* Actividad10Tests */ = {
			isa = PBXGroup;
			children = (
				5572389A224B5BE100FCCEC6 /* Actividad10Tests.swift */,
				5572389C224B5BE100FCCEC6 /* Info.plist */,
			);
			path = Actividad10Tests;
			sourceTree = "<group>";
		};
		557238A4224B5BE100FCCEC6 /* Actividad10UITests */ = {
			isa = PBXGroup;
			children = (
				557238A5224B5BE100FCCEC6 /* Actividad10UITests.swift */,
				557238A7224B5BE100FCCEC6 /* Info.plist */,
			);
			path = Actividad10UITests;
			sourceTree = "<group>";
		};
/* End PBXGroup section */

/* Begin PBXNativeTarget section */
		55723881224B5BD300FCCEC6 /* Actividad10 */ = {
			isa = PBXNativeTarget;
			buildConfigurationList = 557238AA224B5BE100FCCEC6 /* Build configuration list for PBXNativeTarget "Actividad10" */;
			buildPhases = (
				5572387E224B5BD300FCCEC6 /* Sources */,
				5572387F224B5BD300FCCEC6 /* Frameworks */,
				55723880224B5BD300FCCEC6 /* Resources */,
			);
			buildRules = (
			);
			dependencies = (
			);
			name = Actividad10;
			productName = Actividad10;
			productReference = 55723882224B5BD300FCCEC6 /* Actividad10.app */;
			productType = "com.apple.product-type.application";
		};
		55723895224B5BE100FCCEC6 /* Actividad10Tests */ = {
			isa = PBXNativeTarget;
			buildConfigurationList = 557238AD224B5BE100FCCEC6 /* Build configuration list for PBXNativeTarget "Actividad10Tests" */;
			buildPhases = (
				55723892224B5BE100FCCEC6 /* Sources */,
				55723893224B5BE100FCCEC6 /* Frameworks */,
				55723894224B5BE100FCCEC6 /* Resources */,
			);
			buildRules = (
			);
			dependencies = (
				55723898224B5BE100FCCEC6 /* PBXTargetDependency */,
			);
			name = Actividad10Tests;
			productName = Actividad10Tests;
			productReference = 55723896224B5BE100FCCEC6 /* Actividad10Tests.xctest */;
			productType = "com.apple.product-type.bundle.unit-test";
		};
		557238A0224B5BE100FCCEC6 /* Actividad10UITests */ = {
			isa = PBXNativeTarget;
			buildConfigurationList = 557238B0224B5BE100FCCEC6 /* Build configuration list for PBXNativeTarget "Actividad10UITests" */;
			buildPhases = (
				5572389D224B5BE100FCCEC6 /* Sources */,
				5572389E224B5BE100FCCEC6 /* Frameworks */,
				5572389F224B5BE100FCCEC6 /* Resources */,
			);
			buildRules = (
			);
			dependencies = (
				557238A3224B5BE100FCCEC6 /* PBXTargetDependency */,
			);
			name = Actividad10UITests;
			productName = Actividad10UITests;
			productReference = 557238A1224B5BE100FCCEC6 /* Actividad10UITests.xctest */;
			productType = "com.apple.product-type.bundle.ui-testing";
		};
/* End PBXNativeTarget section */

/* Begin PBXProject section */
		5572387A224B5BD300FCCEC6 /* Project object */ = {
			isa = PBXProject;
			attributes = {
				LastSwiftUpdateCheck = 1010;
				LastUpgradeCheck = 1010;
				ORGANIZATIONNAME = Oscar;
				TargetAttributes = {
					55723881224B5BD300FCCEC6 = {
						CreatedOnToolsVersion = 10.1;
					};
					55723895224B5BE100FCCEC6 = {
						CreatedOnToolsVersion = 10.1;
						TestTargetID = 55723881224B5BD300FCCEC6;
					};
					557238A0224B5BE100FCCEC6 = {
						CreatedOnToolsVersion = 10.1;
						TestTargetID = 55723881224B5BD300FCCEC6;
					};
				};
			};
			buildConfigurationList = 5572387D224B5BD300FCCEC6 /* Build configuration list for PBXProject "Actividad10" */;
			compatibilityVersion = "Xcode 9.3";
			developmentRegion = en;
			hasScannedForEncodings = 0;
			knownRegions = (
				en,
				Base,
			);
			mainGroup = 55723879224B5BD300FCCEC6;
			productRefGroup = 55723883224B5BD300FCCEC6 /* Products */;
			projectDirPath = "";
			projectRoot = "";
			targets = (
				55723881224B5BD300FCCEC6 /* Actividad10 */,
				55723895224B5BE100FCCEC6 /* Actividad10Tests */,
				557238A0224B5BE100FCCEC6 /* Actividad10UITests */,
			);
		};
/* End PBXProject section */

/* Begin PBXResourcesBuildPhase section */
		55723880224B5BD300FCCEC6 /* Resources */ = {
			isa = PBXResourcesBuildPhase;
			buildActionMask = 2147483647;
			files = (
				55723890224B5BE000FCCEC6 /* LaunchScreen.storyboard in Resources */,
				5572388D224B5BE000FCCEC6 /* Assets.xcassets in Resources */,
				5572388B224B5BD300FCCEC6 /* Main.storyboard in Resources */,
			);
			runOnlyForDeploymentPostprocessing = 0;
		};
		55723894224B5BE100FCCEC6 /* Resources */ = {
			isa = PBXResourcesBuildPhase;
			buildActionMask = 2147483647;
			files = (
			);
			runOnlyForDeploymentPostprocessing = 0;
		};
		5572389F224B5BE100FCCEC6 /* Resources */ = {
			isa = PBXResourcesBuildPhase;
			buildActionMask = 2147483647;
			files = (
			);
			runOnlyForDeploymentPostprocessing = 0;
		};
/* End PBXResourcesBuildPhase section */

/* Begin PBXSourcesBuildPhase section */
		5572387E224B5BD300FCCEC6 /* Sources */ = {
			isa = PBXSourcesBuildPhase;
			buildActionMask = 2147483647;
			files = (
				55723888224B5BD300FCCEC6 /* ViewController.swift in Sources */,
				55723886224B5BD300FCCEC6 /* AppDelegate.swift in Sources */,
				550B7057224C343D008DA6CB /* TablaVC.swift in Sources */,
			);
			runOnlyForDeploymentPostprocessing = 0;
		};
		55723892224B5BE100FCCEC6 /* Sources */ = {
			isa = PBXSourcesBuildPhase;
			buildActionMask = 2147483647;
			files = (
				5572389B224B5BE100FCCEC6 /* Actividad10Tests.swift in Sources */,
			);
			runOnlyForDeploymentPostprocessing = 0;
		};
		5572389D224B5BE100FCCEC6 /* Sources */ = {
			isa = PBXSourcesBuildPhase;
			buildActionMask = 2147483647;
			files = (
				557238A6224B5BE100FCCEC6 /* Actividad10UITests.swift in Sources */,
			);
			runOnlyForDeploymentPostprocessing = 0;
		};
/* End PBXSourcesBuildPhase section */

/* Begin PBXTargetDependency section */
		55723898224B5BE100FCCEC6 /* PBXTargetDependency */ = {
			isa = PBXTargetDependency;
			target = 55723881224B5BD300FCCEC6 /* Actividad10 */;
			targetProxy = 55723897224B5BE100FCCEC6 /* PBXContainerItemProxy */;
		};
		557238A3224B5BE100FCCEC6 /* PBXTargetDependency */ = {
			isa = PBXTargetDependency;
			target = 55723881224B5BD300FCCEC6 /* Actividad10 */;
			targetProxy = 557238A2224B5BE100FCCEC6 /* PBXContainerItemProxy */;
		};
/* End PBXTargetDependency section */

/* Begin PBXVariantGroup section */
		55723889224B5BD300FCCEC6 /* Main.storyboard */ = {
			isa = PBXVariantGroup;
			children = (
				5572388A224B5BD300FCCEC6 /* Base */,
			);
			name = Main.storyboard;
			sourceTree = "<group>";
		};
		5572388E224B5BE000FCCEC6 /* LaunchScreen.storyboard */ = {
			isa = PBXVariantGroup;
			children = (
				5572388F224B5BE000FCCEC6 /* Base */,
			);
			name = LaunchScreen.storyboard;
			sourceTree = "<group>";
		};
/* End PBXVariantGroup section */

/* Begin XCBuildConfiguration section */
		557238A8224B5BE100FCCEC6 /* Debug */ = {
			isa = XCBuildConfiguration;
			buildSettings = {
				ALWAYS_SEARCH_USER_PATHS = NO;
				CLANG_ANALYZER_NONNULL = YES;
				CLANG_ANALYZER_NUMBER_OBJECT_CONVERSION = YES_AGGRESSIVE;
				CLANG_CXX_LANGUAGE_STANDARD = "gnu++14";
				CLANG_CXX_LIBRARY = "libc++";
				CLANG_ENABLE_MODULES = YES;
				CLANG_ENABLE_OBJC_ARC = YES;
				CLANG_ENABLE_OBJC_WEAK = YES;
				CLANG_WARN_BLOCK_CAPTURE_AUTORELEASING = YES;
				CLANG_WARN_BOOL_CONVERSION = YES;
				CLANG_WARN_COMMA = YES;
				CLANG_WARN_CONSTANT_CONVERSION = YES;
				CLANG_WARN_DEPRECATED_OBJC_IMPLEMENTATIONS = YES;
				CLANG_WARN_DIRECT_OBJC_ISA_USAGE = YES_ERROR;
				CLANG_WARN_DOCUMENTATION_COMMENTS = YES;
				CLANG_WARN_EMPTY_BODY = YES;
				CLANG_WARN_ENUM_CONVERSION = YES;
				CLANG_WARN_INFINITE_RECURSION = YES;
				CLANG_WARN_INT_CONVERSION = YES;
				CLANG_WARN_NON_LITERAL_NULL_CONVERSION = YES;
				CLANG_WARN_OBJC_IMPLICIT_RETAIN_SELF = YES;
				CLANG_WARN_OBJC_LITERAL_CONVERSION = YES;
				CLANG_WARN_OBJC_ROOT_CLASS = YES_ERROR;
				CLANG_WARN_RANGE_LOOP_ANALYSIS = YES;
				CLANG_WARN_STRICT_PROTOTYPES = YES;
				CLANG_WARN_SUSPICIOUS_MOVE = YES;
				CLANG_WARN_UNGUARDED_AVAILABILITY = YES_AGGRESSIVE;
				CLANG_WARN_UNREACHABLE_CODE = YES;
				CLANG_WARN__DUPLICATE_METHOD_MATCH = YES;
				CODE_SIGN_IDENTITY = "iPhone Developer";
				COPY_PHASE_STRIP = NO;
				DEBUG_INFORMATION_FORMAT = dwarf;
				ENABLE_STRICT_OBJC_MSGSEND = YES;
				ENABLE_TESTABILITY = YES;
				GCC_C_LANGUAGE_STANDARD = gnu11;
				GCC_DYNAMIC_NO_PIC = NO;
				GCC_NO_COMMON_BLOCKS = YES;
				GCC_OPTIMIZATION_LEVEL = 0;
				GCC_PREPROCESSOR_DEFINITIONS = (
					"DEBUG=1",
					"$(inherited)",
				);
				GCC_WARN_64_TO_32_BIT_CONVERSION = YES;
				GCC_WARN_ABOUT_RETURN_TYPE = YES_ERROR;
				GCC_WARN_UNDECLARED_SELECTOR = YES;
				GCC_WARN_UNINITIALIZED_AUTOS = YES_AGGRESSIVE;
				GCC_WARN_UNUSED_FUNCTION = YES;
				GCC_WARN_UNUSED_VARIABLE = YES;
				IPHONEOS_DEPLOYMENT_TARGET = 12.1;
				MTL_ENABLE_DEBUG_INFO = INCLUDE_SOURCE;
				MTL_FAST_MATH = YES;
				ONLY_ACTIVE_ARCH = YES;
				SDKROOT = iphoneos;
				SWIFT_ACTIVE_COMPILATION_CONDITIONS = DEBUG;
				SWIFT_OPTIMIZATION_LEVEL = "-Onone";
			};
			name = Debug;
		};
		557238A9224B5BE100FCCEC6 /* Release */ = {
			isa = XCBuildConfiguration;
			buildSettings = {
				ALWAYS_SEARCH_USER_PATHS = NO;
				CLANG_ANALYZER_NONNULL = YES;
				CLANG_ANALYZER_NUMBER_OBJECT_CONVERSION = YES_AGGRESSIVE;
				CLANG_CXX_LANGUAGE_STANDARD = "gnu++14";
				CLANG_CXX_LIBRARY = "libc++";
				CLANG_ENABLE_MODULES = YES;
				CLANG_ENABLE_OBJC_ARC = YES;
				CLANG_ENABLE_OBJC_WEAK = YES;
				CLANG_WARN_BLOCK_CAPTURE_AUTORELEASING = YES;
				CLANG_WARN_BOOL_CONVERSION = YES;
				CLANG_WARN_COMMA = YES;
				CLANG_WARN_CONSTANT_CONVERSION = YES;
				CLANG_WARN_DEPRECATED_OBJC_IMPLEMENTATIONS = YES;
				CLANG_WARN_DIRECT_OBJC_ISA_USAGE = YES_ERROR;
				CLANG_WARN_DOCUMENTATION_COMMENTS = YES;
				CLANG_WARN_EMPTY_BODY = YES;
				CLANG_WARN_ENUM_CONVERSION = YES;
				CLANG_WARN_INFINITE_RECURSION = YES;
				CLANG_WARN_INT_CONVERSION = YES;
				CLANG_WARN_NON_LITERAL_NULL_CONVERSION = YES;
				CLANG_WARN_OBJC_IMPLICIT_RETAIN_SELF = YES;
				CLANG_WARN_OBJC_LITERAL_CONVERSION = YES;
				CLANG_WARN_OBJC_ROOT_CLASS = YES_ERROR;
				CLANG_WARN_RANGE_LOOP_ANALYSIS = YES;
				CLANG_WARN_STRICT_PROTOTYPES = YES;
				CLANG_WARN_SUSPICIOUS_MOVE = YES;
				CLANG_WARN_UNGUARDED_AVAILABILITY = YES_AGGRESSIVE;
				CLANG_WARN_UNREACHABLE_CODE = YES;
				CLANG_WARN__DUPLICATE_METHOD_MATCH = YES;
				CODE_SIGN_IDENTITY = "iPhone Developer";
				COPY_PHASE_STRIP = NO;
				DEBUG_INFORMATION_FORMAT = "dwarf-with-dsym";
				ENABLE_NS_ASSERTIONS = NO;
				ENABLE_STRICT_OBJC_MSGSEND = YES;
				GCC_C_LANGUAGE_STANDARD = gnu11;
				GCC_NO_COMMON_BLOCKS = YES;
				GCC_WARN_64_TO_32_BIT_CONVERSION = YES;
				GCC_WARN_ABOUT_RETURN_TYPE = YES_ERROR;
				GCC_WARN_UNDECLARED_SELECTOR = YES;
				GCC_WARN_UNINITIALIZED_AUTOS = YES_AGGRESSIVE;
				GCC_WARN_UNUSED_FUNCTION = YES;
				GCC_WARN_UNUSED_VARIABLE = YES;
				IPHONEOS_DEPLOYMENT_TARGET = 12.1;
				MTL_ENABLE_DEBUG_INFO = NO;
				MTL_FAST_MATH = YES;
				SDKROOT = iphoneos;
				SWIFT_COMPILATION_MODE = wholemodule;
				SWIFT_OPTIMIZATION_LEVEL = "-O";
				VALIDATE_PRODUCT = YES;
			};
			name = Release;
		};
		557238AB224B5BE100FCCEC6 /* Debug */ = {
			isa = XCBuildConfiguration;
			buildSettings = {
				ASSETCATALOG_COMPILER_APPICON_NAME = AppIcon;
				CODE_SIGN_STYLE = Automatic;
				INFOPLIST_FILE = Actividad10/Info.plist;
				LD_RUNPATH_SEARCH_PATHS = (
					"$(inherited)",
					"@executable_path/Frameworks",
				);
				PRODUCT_BUNDLE_IDENTIFIER = tecmilenio.Actividad10;
				PRODUCT_NAME = "$(TARGET_NAME)";
				SWIFT_VERSION = 4.2;
				TARGETED_DEVICE_FAMILY = "1,2";
			};
			name = Debug;
		};
		557238AC224B5BE100FCCEC6 /* Release */ = {
			isa = XCBuildConfiguration;
			buildSettings = {
				ASSETCATALOG_COMPILER_APPICON_NAME = AppIcon;
				CODE_SIGN_STYLE = Automatic;
				INFOPLIST_FILE = Actividad10/Info.plist;
				LD_RUNPATH_SEARCH_PATHS = (
					"$(inherited)",
					"@executable_path/Frameworks",
				);
				PRODUCT_BUNDLE_IDENTIFIER = tecmilenio.Actividad10;
				PRODUCT_NAME = "$(TARGET_NAME)";
				SWIFT_VERSION = 4.2;
				TARGETED_DEVICE_FAMILY = "1,2";
			};
			name = Release;
		};
		557238AE224B5BE100FCCEC6 /* Debug */ = {
			isa = XCBuildConfiguration;
			buildSettings = {
				ALWAYS_EMBED_SWIFT_STANDARD_LIBRARIES = YES;
				BUNDLE_LOADER = "$(TEST_HOST)";
				CODE_SIGN_STYLE = Automatic;
				INFOPLIST_FILE = Actividad10Tests/Info.plist;
				LD_RUNPATH_SEARCH_PATHS = (
					"$(inherited)",
					"@executable_path/Frameworks",
					"@loader_path/Frameworks",
				);
				PRODUCT_BUNDLE_IDENTIFIER = tecmilenio.Actividad10Tests;
				PRODUCT_NAME = "$(TARGET_NAME)";
				SWIFT_VERSION = 4.2;
				TARGETED_DEVICE_FAMILY = "1,2";
				TEST_HOST = "$(BUILT_PRODUCTS_DIR)/Actividad10.app/Actividad10";
			};
			name = Debug;
		};
		557238AF224B5BE100FCCEC6 /* Release */ = {
			isa = XCBuildConfiguration;
			buildSettings = {
				ALWAYS_EMBED_SWIFT_STANDARD_LIBRARIES = YES;
				BUNDLE_LOADER = "$(TEST_HOST)";
				CODE_SIGN_STYLE = Automatic;
				INFOPLIST_FILE = Actividad10Tests/Info.plist;
				LD_RUNPATH_SEARCH_PATHS = (
					"$(inherited)",
					"@executable_path/Frameworks",
					"@loader_path/Frameworks",
				);
				PRODUCT_BUNDLE_IDENTIFIER = tecmilenio.Actividad10Tests;
				PRODUCT_NAME = "$(TARGET_NAME)";
				SWIFT_VERSION = 4.2;
				TARGETED_DEVICE_FAMILY = "1,2";
				TEST_HOST = "$(BUILT_PRODUCTS_DIR)/Actividad10.app/Actividad10";
			};
			name = Release;
		};
		557238B1224B5BE100FCCEC6 /* Debug */ = {
			isa = XCBuildConfiguration;
			buildSettings = {
				ALWAYS_EMBED_SWIFT_STANDARD_LIBRARIES = YES;
				CODE_SIGN_STYLE = Automatic;
				INFOPLIST_FILE = Actividad10UITests/Info.plist;
				LD_RUNPATH_SEARCH_PATHS = (
					"$(inherited)",
					"@executable_path/Frameworks",
					"@loader_path/Frameworks",
				);
				PRODUCT_BUNDLE_IDENTIFIER = tecmilenio.Actividad10UITests;
				PRODUCT_NAME = "$(TARGET_NAME)";
				SWIFT_VERSION = 4.2;
				TARGETED_DEVICE_FAMILY = "1,2";
				TEST_TARGET_NAME = Actividad10;
			};
			name = Debug;
		};
		557238B2224B5BE100FCCEC6 /* Release */ = {
			isa = XCBuildConfiguration;
			buildSettings = {
				ALWAYS_EMBED_SWIFT_STANDARD_LIBRARIES = YES;
				CODE_SIGN_STYLE = Automatic;
				INFOPLIST_FILE = Actividad10UITests/Info.plist;
				LD_RUNPATH_SEARCH_PATHS = (
					"$(inherited)",
					"@executable_path/Frameworks",
					"@loader_path/Frameworks",
				);
				PRODUCT_BUNDLE_IDENTIFIER = tecmilenio.Actividad10UITests;
				PRODUCT_NAME = "$(TARGET_NAME)";
				SWIFT_VERSION = 4.2;
				TARGETED_DEVICE_FAMILY = "1,2";
				TEST_TARGET_NAME = Actividad10;
			};
			name = Release;
		};
/* End XCBuildConfiguration section */

/* Begin XCConfigurationList section */
		5572387D224B5BD300FCCEC6 /* Build configuration list for PBXProject "Actividad10" */ = {
			isa = XCConfigurationList;
			buildConfigurations = (
				557238A8224B5BE100FCCEC6 /* Debug */,
				557238A9224B5BE100FCCEC6 /* Release */,
			);
			defaultConfigurationIsVisible = 0;
			defaultConfigurationName = Release;
		};
		557238AA224B5BE100FCCEC6 /* Build configuration list for PBXNativeTarget "Actividad10" */ = {
			isa = XCConfigurationList;
			buildConfigurations = (
				557238AB224B5BE100FCCEC6 /* Debug */,
				557238AC224B5BE100FCCEC6 /* Release */,
			);
			defaultConfigurationIsVisible = 0;
			defaultConfigurationName = Release;
		};
		557238AD224B5BE100FCCEC6 /* Build configuration list for PBXNativeTarget "Actividad10Tests" */ = {
			isa = XCConfigurationList;
			buildConfigurations = (
				557238AE224B5BE100FCCEC6 /* Debug */,
				557238AF224B5BE100FCCEC6 /* Release */,
			);
			defaultConfigurationIsVisible = 0;
			defaultConfigurationName = Release;
		};
		557238B0224B5BE100FCCEC6 /* Build configuration list for PBXNativeTarget "Actividad10UITests" */ = {
			isa = XCConfigurationList;
			buildConfigurations = (
				557238B1224B5BE100FCCEC6 /* Debug */,
				557238B2224B5BE100FCCEC6 /* Release */,
			);
			defaultConfigurationIsVisible = 0;
			defaultConfigurationName = Release;
		};
/* End XCConfigurationList section */
	};
	rootObject = 5572387A224B5BD300FCCEC6 /* Project object */;
}
